// !$*UTF8*$!
{
	archiveVersion = 1;
	classes = {
	};
	objectVersion = 55;
	objects = {

/* Begin PBXBuildFile section */
		E1522169282963A800B1162C /* AccountBookApp.swift in Sources */ = {isa = PBXBuildFile; fileRef = E1522168282963A800B1162C /* AccountBookApp.swift */; };
		E152216B282963A800B1162C /* ContentView.swift in Sources */ = {isa = PBXBuildFile; fileRef = E152216A282963A800B1162C /* ContentView.swift */; };
		E152216D282963AA00B1162C /* Assets.xcassets in Resources */ = {isa = PBXBuildFile; fileRef = E152216C282963AA00B1162C /* Assets.xcassets */; };
		E1522170282963AA00B1162C /* Preview Assets.xcassets in Resources */ = {isa = PBXBuildFile; fileRef = E152216F282963AA00B1162C /* Preview Assets.xcassets */; };
		E152217A282963AA00B1162C /* AccountBookTests.swift in Sources */ = {isa = PBXBuildFile; fileRef = E1522179282963AA00B1162C /* AccountBookTests.swift */; };
		E1522184282963AA00B1162C /* AccountBookUITests.swift in Sources */ = {isa = PBXBuildFile; fileRef = E1522183282963AA00B1162C /* AccountBookUITests.swift */; };
		E1522186282963AA00B1162C /* AccountBookUITestsLaunchTests.swift in Sources */ = {isa = PBXBuildFile; fileRef = E1522185282963AA00B1162C /* AccountBookUITestsLaunchTests.swift */; };
		E15221972833D4AF00B1162C /* Config.swift in Sources */ = {isa = PBXBuildFile; fileRef = E15221962833D4AF00B1162C /* Config.swift */; };
		E152219C2833D6D500B1162C /* UserServiceProtocol.swift in Sources */ = {isa = PBXBuildFile; fileRef = E152219B2833D6D500B1162C /* UserServiceProtocol.swift */; };
		E152219F2833D75000B1162C /* UserService.swift in Sources */ = {isa = PBXBuildFile; fileRef = E152219E2833D75000B1162C /* UserService.swift */; };
		E15221A42833E90F00B1162C /* Alamofire in Frameworks */ = {isa = PBXBuildFile; productRef = E15221A32833E90F00B1162C /* Alamofire */; };
		E15221A92835195600B1162C /* User.swift in Sources */ = {isa = PBXBuildFile; fileRef = E15221A82835195600B1162C /* User.swift */; };
		E15221B0283527D800B1162C /* LoginViewModel.swift in Sources */ = {isa = PBXBuildFile; fileRef = E15221AF283527D800B1162C /* LoginViewModel.swift */; };
		E15221B2283527E000B1162C /* LoginView.swift in Sources */ = {isa = PBXBuildFile; fileRef = E15221B1283527E000B1162C /* LoginView.swift */; };
		E15221B728352AC200B1162C /* CustomInputField.swift in Sources */ = {isa = PBXBuildFile; fileRef = E15221B628352AC200B1162C /* CustomInputField.swift */; };
		E1879E792836A0C200A90646 /* KeyBoard.swift in Sources */ = {isa = PBXBuildFile; fileRef = E1879E782836A0C200A90646 /* KeyBoard.swift */; };
		E1879E7E2837DED200A90646 /* Colors.swift in Sources */ = {isa = PBXBuildFile; fileRef = E1879E7D2837DED200A90646 /* Colors.swift */; };
		E1879E812837E78B00A90646 /* View.swift in Sources */ = {isa = PBXBuildFile; fileRef = E1879E802837E78B00A90646 /* View.swift */; };
		E1879E862837F05000A90646 /* Localizable.strings in Resources */ = {isa = PBXBuildFile; fileRef = E1879E882837F05000A90646 /* Localizable.strings */; };
		E1879E8B283801A800A90646 /* SignUpView.swift in Sources */ = {isa = PBXBuildFile; fileRef = E1879E8A283801A800A90646 /* SignUpView.swift */; };
		E1879E8D283866E800A90646 /* CustomNumberField.swift in Sources */ = {isa = PBXBuildFile; fileRef = E1879E8C283866E800A90646 /* CustomNumberField.swift */; };
/* End PBXBuildFile section */

/* Begin PBXContainerItemProxy section */
		E1522176282963AA00B1162C /* PBXContainerItemProxy */ = {
			isa = PBXContainerItemProxy;
			containerPortal = E152215D282963A800B1162C /* Project object */;
			proxyType = 1;
			remoteGlobalIDString = E1522164282963A800B1162C;
			remoteInfo = AccountBook;
		};
		E1522180282963AA00B1162C /* PBXContainerItemProxy */ = {
			isa = PBXContainerItemProxy;
			containerPortal = E152215D282963A800B1162C /* Project object */;
			proxyType = 1;
			remoteGlobalIDString = E1522164282963A800B1162C;
			remoteInfo = AccountBook;
		};
/* End PBXContainerItemProxy section */

/* Begin PBXFileReference section */
		E1522165282963A800B1162C /* AccountBook.app */ = {isa = PBXFileReference; explicitFileType = wrapper.application; includeInIndex = 0; path = AccountBook.app; sourceTree = BUILT_PRODUCTS_DIR; };
		E1522168282963A800B1162C /* AccountBookApp.swift */ = {isa = PBXFileReference; lastKnownFileType = sourcecode.swift; path = AccountBookApp.swift; sourceTree = "<group>"; };
		E152216A282963A800B1162C /* ContentView.swift */ = {isa = PBXFileReference; lastKnownFileType = sourcecode.swift; path = ContentView.swift; sourceTree = "<group>"; };
		E152216C282963AA00B1162C /* Assets.xcassets */ = {isa = PBXFileReference; lastKnownFileType = folder.assetcatalog; path = Assets.xcassets; sourceTree = "<group>"; };
		E152216F282963AA00B1162C /* Preview Assets.xcassets */ = {isa = PBXFileReference; lastKnownFileType = folder.assetcatalog; path = "Preview Assets.xcassets"; sourceTree = "<group>"; };
		E1522175282963AA00B1162C /* AccountBookTests.xctest */ = {isa = PBXFileReference; explicitFileType = wrapper.cfbundle; includeInIndex = 0; path = AccountBookTests.xctest; sourceTree = BUILT_PRODUCTS_DIR; };
		E1522179282963AA00B1162C /* AccountBookTests.swift */ = {isa = PBXFileReference; lastKnownFileType = sourcecode.swift; path = AccountBookTests.swift; sourceTree = "<group>"; };
		E152217F282963AA00B1162C /* AccountBookUITests.xctest */ = {isa = PBXFileReference; explicitFileType = wrapper.cfbundle; includeInIndex = 0; path = AccountBookUITests.xctest; sourceTree = BUILT_PRODUCTS_DIR; };
		E1522183282963AA00B1162C /* AccountBookUITests.swift */ = {isa = PBXFileReference; lastKnownFileType = sourcecode.swift; path = AccountBookUITests.swift; sourceTree = "<group>"; };
		E1522185282963AA00B1162C /* AccountBookUITestsLaunchTests.swift */ = {isa = PBXFileReference; lastKnownFileType = sourcecode.swift; path = AccountBookUITestsLaunchTests.swift; sourceTree = "<group>"; };
		E15221962833D4AF00B1162C /* Config.swift */ = {isa = PBXFileReference; lastKnownFileType = sourcecode.swift; path = Config.swift; sourceTree = "<group>"; };
		E152219B2833D6D500B1162C /* UserServiceProtocol.swift */ = {isa = PBXFileReference; lastKnownFileType = sourcecode.swift; path = UserServiceProtocol.swift; sourceTree = "<group>"; };
		E152219E2833D75000B1162C /* UserService.swift */ = {isa = PBXFileReference; lastKnownFileType = sourcecode.swift; path = UserService.swift; sourceTree = "<group>"; };
		E15221A82835195600B1162C /* User.swift */ = {isa = PBXFileReference; lastKnownFileType = sourcecode.swift; path = User.swift; sourceTree = "<group>"; };
		E15221AF283527D800B1162C /* LoginViewModel.swift */ = {isa = PBXFileReference; lastKnownFileType = sourcecode.swift; path = LoginViewModel.swift; sourceTree = "<group>"; };
		E15221B1283527E000B1162C /* LoginView.swift */ = {isa = PBXFileReference; lastKnownFileType = sourcecode.swift; path = LoginView.swift; sourceTree = "<group>"; };
		E15221B628352AC200B1162C /* CustomInputField.swift */ = {isa = PBXFileReference; lastKnownFileType = sourcecode.swift; path = CustomInputField.swift; sourceTree = "<group>"; };
		E1879E782836A0C200A90646 /* KeyBoard.swift */ = {isa = PBXFileReference; lastKnownFileType = sourcecode.swift; path = KeyBoard.swift; sourceTree = "<group>"; };
		E1879E7D2837DED200A90646 /* Colors.swift */ = {isa = PBXFileReference; lastKnownFileType = sourcecode.swift; path = Colors.swift; sourceTree = "<group>"; };
		E1879E802837E78B00A90646 /* View.swift */ = {isa = PBXFileReference; lastKnownFileType = sourcecode.swift; path = View.swift; sourceTree = "<group>"; };
		E1879E872837F05000A90646 /* en */ = {isa = PBXFileReference; lastKnownFileType = text.plist.strings; name = en; path = en.lproj/Localizable.strings; sourceTree = "<group>"; };
		E1879E892837F06200A90646 /* ja */ = {isa = PBXFileReference; lastKnownFileType = text.plist.strings; name = ja; path = ja.lproj/Localizable.strings; sourceTree = "<group>"; };
		E1879E8A283801A800A90646 /* SignUpView.swift */ = {isa = PBXFileReference; lastKnownFileType = sourcecode.swift; path = SignUpView.swift; sourceTree = "<group>"; };
		E1879E8C283866E800A90646 /* CustomNumberField.swift */ = {isa = PBXFileReference; lastKnownFileType = sourcecode.swift; path = CustomNumberField.swift; sourceTree = "<group>"; };
/* End PBXFileReference section */

/* Begin PBXFrameworksBuildPhase section */
		E1522162282963A800B1162C /* Frameworks */ = {
			isa = PBXFrameworksBuildPhase;
			buildActionMask = 2147483647;
			files = (
				E15221A42833E90F00B1162C /* Alamofire in Frameworks */,
			);
			runOnlyForDeploymentPostprocessing = 0;
		};
		E1522172282963AA00B1162C /* Frameworks */ = {
			isa = PBXFrameworksBuildPhase;
			buildActionMask = 2147483647;
			files = (
			);
			runOnlyForDeploymentPostprocessing = 0;
		};
		E152217C282963AA00B1162C /* Frameworks */ = {
			isa = PBXFrameworksBuildPhase;
			buildActionMask = 2147483647;
			files = (
			);
			runOnlyForDeploymentPostprocessing = 0;
		};
/* End PBXFrameworksBuildPhase section */

/* Begin PBXGroup section */
		E152215C282963A800B1162C = {
			isa = PBXGroup;
			children = (
				E1522167282963A800B1162C /* AccountBook */,
				E1522178282963AA00B1162C /* AccountBookTests */,
				E1522182282963AA00B1162C /* AccountBookUITests */,
				E1522166282963A800B1162C /* Products */,
			);
			sourceTree = "<group>";
		};
		E1522166282963A800B1162C /* Products */ = {
			isa = PBXGroup;
			children = (
				E1522165282963A800B1162C /* AccountBook.app */,
				E1522175282963AA00B1162C /* AccountBookTests.xctest */,
				E152217F282963AA00B1162C /* AccountBookUITests.xctest */,
			);
			name = Products;
			sourceTree = "<group>";
		};
		E1522167282963A800B1162C /* AccountBook */ = {
			isa = PBXGroup;
			children = (
				E1879E822837F01600A90646 /* Resources */,
				E15221AD2835279800B1162C /* Core */,
				E15221982833D69A00B1162C /* Service */,
				E15221952833D49200B1162C /* Utils */,
				E1522168282963A800B1162C /* AccountBookApp.swift */,
				E152216A282963A800B1162C /* ContentView.swift */,
				E152216C282963AA00B1162C /* Assets.xcassets */,
				E152216E282963AA00B1162C /* Preview Content */,
			);
			path = AccountBook;
			sourceTree = "<group>";
		};
		E152216E282963AA00B1162C /* Preview Content */ = {
			isa = PBXGroup;
			children = (
				E152216F282963AA00B1162C /* Preview Assets.xcassets */,
			);
			path = "Preview Content";
			sourceTree = "<group>";
		};
		E1522178282963AA00B1162C /* AccountBookTests */ = {
			isa = PBXGroup;
			children = (
				E1522179282963AA00B1162C /* AccountBookTests.swift */,
			);
			path = AccountBookTests;
			sourceTree = "<group>";
		};
		E1522182282963AA00B1162C /* AccountBookUITests */ = {
			isa = PBXGroup;
			children = (
				E1522183282963AA00B1162C /* AccountBookUITests.swift */,
				E1522185282963AA00B1162C /* AccountBookUITestsLaunchTests.swift */,
			);
			path = AccountBookUITests;
			sourceTree = "<group>";
		};
		E15221952833D49200B1162C /* Utils */ = {
			isa = PBXGroup;
			children = (
				E1879E7F2837DF8800A90646 /* Extensions */,
				E15221962833D4AF00B1162C /* Config.swift */,
			);
			path = Utils;
			sourceTree = "<group>";
		};
		E15221982833D69A00B1162C /* Service */ = {
			isa = PBXGroup;
			children = (
				E15221A72835194D00B1162C /* Model */,
				E152219A2833D6A300B1162C /* Impl */,
				E15221992833D69E00B1162C /* Protocol */,
			);
			path = Service;
			sourceTree = "<group>";
		};
		E15221992833D69E00B1162C /* Protocol */ = {
			isa = PBXGroup;
			children = (
				E152219B2833D6D500B1162C /* UserServiceProtocol.swift */,
			);
			path = Protocol;
			sourceTree = "<group>";
		};
		E152219A2833D6A300B1162C /* Impl */ = {
			isa = PBXGroup;
			children = (
				E152219E2833D75000B1162C /* UserService.swift */,
			);
			path = Impl;
			sourceTree = "<group>";
		};
		E15221A72835194D00B1162C /* Model */ = {
			isa = PBXGroup;
			children = (
				E15221A82835195600B1162C /* User.swift */,
			);
			path = Model;
			sourceTree = "<group>";
		};
		E15221AD2835279800B1162C /* Core */ = {
			isa = PBXGroup;
			children = (
				E15221B528352AB100B1162C /* Components */,
				E15221AE2835279E00B1162C /* Auth */,
			);
			path = Core;
			sourceTree = "<group>";
		};
		E15221AE2835279E00B1162C /* Auth */ = {
			isa = PBXGroup;
			children = (
				E15221AF283527D800B1162C /* LoginViewModel.swift */,
				E15221B1283527E000B1162C /* LoginView.swift */,
				E1879E8A283801A800A90646 /* SignUpView.swift */,
			);
			path = Auth;
			sourceTree = "<group>";
		};
		E15221B528352AB100B1162C /* Components */ = {
			isa = PBXGroup;
			children = (
				E15221B628352AC200B1162C /* CustomInputField.swift */,
				E1879E782836A0C200A90646 /* KeyBoard.swift */,
				E1879E8C283866E800A90646 /* CustomNumberField.swift */,
			);
			path = Components;
			sourceTree = "<group>";
		};
		E1879E7F2837DF8800A90646 /* Extensions */ = {
			isa = PBXGroup;
			children = (
				E1879E7D2837DED200A90646 /* Colors.swift */,
				E1879E802837E78B00A90646 /* View.swift */,
			);
			path = Extensions;
			sourceTree = "<group>";
		};
		E1879E822837F01600A90646 /* Resources */ = {
			isa = PBXGroup;
			children = (
				E1879E832837F02000A90646 /* Strings */,
			);
			path = Resources;
			sourceTree = "<group>";
		};
		E1879E832837F02000A90646 /* Strings */ = {
			isa = PBXGroup;
			children = (
				E1879E882837F05000A90646 /* Localizable.strings */,
			);
			path = Strings;
			sourceTree = "<group>";
		};
/* End PBXGroup section */

/* Begin PBXNativeTarget section */
		E1522164282963A800B1162C /* AccountBook */ = {
			isa = PBXNativeTarget;
			buildConfigurationList = E1522189282963AA00B1162C /* Build configuration list for PBXNativeTarget "AccountBook" */;
			buildPhases = (
				E1522161282963A800B1162C /* Sources */,
				E1522162282963A800B1162C /* Frameworks */,
				E1522163282963A800B1162C /* Resources */,
				E152216328296EA800B1162C /* ShellScript */,
			);
			buildRules = (
			);
			dependencies = (
			);
			name = AccountBook;
			packageProductDependencies = (
				E15221A32833E90F00B1162C /* Alamofire */,
			);
			productName = AccountBook;
			productReference = E1522165282963A800B1162C /* AccountBook.app */;
			productType = "com.apple.product-type.application";
		};
		E1522174282963AA00B1162C /* AccountBookTests */ = {
			isa = PBXNativeTarget;
			buildConfigurationList = E152218C282963AA00B1162C /* Build configuration list for PBXNativeTarget "AccountBookTests" */;
			buildPhases = (
				E1522171282963AA00B1162C /* Sources */,
				E1522172282963AA00B1162C /* Frameworks */,
				E1522173282963AA00B1162C /* Resources */,
			);
			buildRules = (
			);
			dependencies = (
				E1522177282963AA00B1162C /* PBXTargetDependency */,
			);
			name = AccountBookTests;
			productName = AccountBookTests;
			productReference = E1522175282963AA00B1162C /* AccountBookTests.xctest */;
			productType = "com.apple.product-type.bundle.unit-test";
		};
		E152217E282963AA00B1162C /* AccountBookUITests */ = {
			isa = PBXNativeTarget;
			buildConfigurationList = E152218F282963AA00B1162C /* Build configuration list for PBXNativeTarget "AccountBookUITests" */;
			buildPhases = (
				E152217B282963AA00B1162C /* Sources */,
				E152217C282963AA00B1162C /* Frameworks */,
				E152217D282963AA00B1162C /* Resources */,
			);
			buildRules = (
			);
			dependencies = (
				E1522181282963AA00B1162C /* PBXTargetDependency */,
			);
			name = AccountBookUITests;
			productName = AccountBookUITests;
			productReference = E152217F282963AA00B1162C /* AccountBookUITests.xctest */;
			productType = "com.apple.product-type.bundle.ui-testing";
		};
/* End PBXNativeTarget section */

/* Begin PBXProject section */
		E152215D282963A800B1162C /* Project object */ = {
			isa = PBXProject;
			attributes = {
				BuildIndependentTargetsInParallel = 1;
				LastSwiftUpdateCheck = 1320;
				LastUpgradeCheck = 1320;
				TargetAttributes = {
					E1522164282963A800B1162C = {
						CreatedOnToolsVersion = 13.2.1;
					};
					E1522174282963AA00B1162C = {
						CreatedOnToolsVersion = 13.2.1;
						TestTargetID = E1522164282963A800B1162C;
					};
					E152217E282963AA00B1162C = {
						CreatedOnToolsVersion = 13.2.1;
						TestTargetID = E1522164282963A800B1162C;
					};
				};
			};
			buildConfigurationList = E1522160282963A800B1162C /* Build configuration list for PBXProject "AccountBook" */;
			compatibilityVersion = "Xcode 13.0";
			developmentRegion = en;
			hasScannedForEncodings = 0;
			knownRegions = (
				en,
				ja,
				Base,
			);
			mainGroup = E152215C282963A800B1162C;
			packageReferences = (
				E15221A22833E90F00B1162C /* XCRemoteSwiftPackageReference "Alamofire" */,
			);
			productRefGroup = E1522166282963A800B1162C /* Products */;
			projectDirPath = "";
			projectRoot = "";
			targets = (
				E1522164282963A800B1162C /* AccountBook */,
				E1522174282963AA00B1162C /* AccountBookTests */,
				E152217E282963AA00B1162C /* AccountBookUITests */,
			);
		};
/* End PBXProject section */

/* Begin PBXResourcesBuildPhase section */
		E1522163282963A800B1162C /* Resources */ = {
			isa = PBXResourcesBuildPhase;
			buildActionMask = 2147483647;
			files = (
				E1522170282963AA00B1162C /* Preview Assets.xcassets in Resources */,
				E1879E862837F05000A90646 /* Localizable.strings in Resources */,
				E152216D282963AA00B1162C /* Assets.xcassets in Resources */,
			);
			runOnlyForDeploymentPostprocessing = 0;
		};
		E1522173282963AA00B1162C /* Resources */ = {
			isa = PBXResourcesBuildPhase;
			buildActionMask = 2147483647;
			files = (
			);
			runOnlyForDeploymentPostprocessing = 0;
		};
		E152217D282963AA00B1162C /* Resources */ = {
			isa = PBXResourcesBuildPhase;
			buildActionMask = 2147483647;
			files = (
			);
			runOnlyForDeploymentPostprocessing = 0;
		};
/* End PBXResourcesBuildPhase section */

/* Begin PBXShellScriptBuildPhase section */
		E152216328296EA800B1162C /* ShellScript */ = {
			isa = PBXShellScriptBuildPhase;
			buildActionMask = 2147483647;
			files = (
			);
			inputFileListPaths = (
			);
			inputPaths = (
			);
			outputFileListPaths = (
			);
			outputPaths = (
			);
			runOnlyForDeploymentPostprocessing = 0;
			shellPath = /bin/sh;
			shellScript = "if type \"/opt/homebrew/bin/swiftlint\"  > /dev/null 2>&1; then\n## format autocorrect\n/opt/homebrew/bin/swiftlint --fix --format\n## format check\n/opt/homebrew/bin/swiftlint\nelif type \"/usr/local/bin/swiftlint\" > /dev/null 2>&1; then\n## format autocorrect\n/usr/local/bin/swiftlint --fix --format\n## format check\n/usr/local/bin/swiftlint\nelse\n  echo \"swiftlint is not installed.\"\nfi\n";
		};
/* End PBXShellScriptBuildPhase section */

/* Begin PBXSourcesBuildPhase section */
		E1522161282963A800B1162C /* Sources */ = {
			isa = PBXSourcesBuildPhase;
			buildActionMask = 2147483647;
			files = (
				E1879E8D283866E800A90646 /* CustomNumberField.swift in Sources */,
				E1879E812837E78B00A90646 /* View.swift in Sources */,
				E15221B728352AC200B1162C /* CustomInputField.swift in Sources */,
				E152216B282963A800B1162C /* ContentView.swift in Sources */,
				E152219F2833D75000B1162C /* UserService.swift in Sources */,
				E15221A92835195600B1162C /* User.swift in Sources */,
				E1879E792836A0C200A90646 /* KeyBoard.swift in Sources */,
				E1879E7E2837DED200A90646 /* Colors.swift in Sources */,
				E1522169282963A800B1162C /* AccountBookApp.swift in Sources */,
				E1879E8B283801A800A90646 /* SignUpView.swift in Sources */,
				E152219C2833D6D500B1162C /* UserServiceProtocol.swift in Sources */,
				E15221972833D4AF00B1162C /* Config.swift in Sources */,
				E15221B2283527E000B1162C /* LoginView.swift in Sources */,
				E15221B0283527D800B1162C /* LoginViewModel.swift in Sources */,
			);
			runOnlyForDeploymentPostprocessing = 0;
		};
		E1522171282963AA00B1162C /* Sources */ = {
			isa = PBXSourcesBuildPhase;
			buildActionMask = 2147483647;
			files = (
				E152217A282963AA00B1162C /* AccountBookTests.swift in Sources */,
			);
			runOnlyForDeploymentPostprocessing = 0;
		};
		E152217B282963AA00B1162C /* Sources */ = {
			isa = PBXSourcesBuildPhase;
			buildActionMask = 2147483647;
			files = (
				E1522184282963AA00B1162C /* AccountBookUITests.swift in Sources */,
				E1522186282963AA00B1162C /* AccountBookUITestsLaunchTests.swift in Sources */,
			);
			runOnlyForDeploymentPostprocessing = 0;
		};
/* End PBXSourcesBuildPhase section */

/* Begin PBXTargetDependency section */
		E1522177282963AA00B1162C /* PBXTargetDependency */ = {
			isa = PBXTargetDependency;
			target = E1522164282963A800B1162C /* AccountBook */;
			targetProxy = E1522176282963AA00B1162C /* PBXContainerItemProxy */;
		};
		E1522181282963AA00B1162C /* PBXTargetDependency */ = {
			isa = PBXTargetDependency;
			target = E1522164282963A800B1162C /* AccountBook */;
			targetProxy = E1522180282963AA00B1162C /* PBXContainerItemProxy */;
		};
/* End PBXTargetDependency section */

/* Begin PBXVariantGroup section */
		E1879E882837F05000A90646 /* Localizable.strings */ = {
			isa = PBXVariantGroup;
			children = (
				E1879E872837F05000A90646 /* en */,
				E1879E892837F06200A90646 /* ja */,
			);
			name = Localizable.strings;
			sourceTree = "<group>";
		};
/* End PBXVariantGroup section */

/* Begin XCBuildConfiguration section */
		E1522187282963AA00B1162C /* Debug */ = {
			isa = XCBuildConfiguration;
			buildSettings = {
				ALWAYS_SEARCH_USER_PATHS = NO;
				CLANG_ANALYZER_LOCALIZABILITY_NONLOCALIZED = YES;
				CLANG_ANALYZER_NONNULL = YES;
				CLANG_ANALYZER_NUMBER_OBJECT_CONVERSION = YES_AGGRESSIVE;
				CLANG_CXX_LANGUAGE_STANDARD = "gnu++17";
				CLANG_CXX_LIBRARY = "libc++";
				CLANG_ENABLE_MODULES = YES;
				CLANG_ENABLE_OBJC_ARC = YES;
				CLANG_ENABLE_OBJC_WEAK = YES;
				CLANG_WARN_BLOCK_CAPTURE_AUTORELEASING = YES;
				CLANG_WARN_BOOL_CONVERSION = YES;
				CLANG_WARN_COMMA = YES;
				CLANG_WARN_CONSTANT_CONVERSION = YES;
				CLANG_WARN_DEPRECATED_OBJC_IMPLEMENTATIONS = YES;
				CLANG_WARN_DIRECT_OBJC_ISA_USAGE = YES_ERROR;
				CLANG_WARN_DOCUMENTATION_COMMENTS = YES;
				CLANG_WARN_EMPTY_BODY = YES;
				CLANG_WARN_ENUM_CONVERSION = YES;
				CLANG_WARN_INFINITE_RECURSION = YES;
				CLANG_WARN_INT_CONVERSION = YES;
				CLANG_WARN_NON_LITERAL_NULL_CONVERSION = YES;
				CLANG_WARN_OBJC_IMPLICIT_RETAIN_SELF = YES;
				CLANG_WARN_OBJC_LITERAL_CONVERSION = YES;
				CLANG_WARN_OBJC_ROOT_CLASS = YES_ERROR;
				CLANG_WARN_QUOTED_INCLUDE_IN_FRAMEWORK_HEADER = YES;
				CLANG_WARN_RANGE_LOOP_ANALYSIS = YES;
				CLANG_WARN_STRICT_PROTOTYPES = YES;
				CLANG_WARN_SUSPICIOUS_MOVE = YES;
				CLANG_WARN_UNGUARDED_AVAILABILITY = YES_AGGRESSIVE;
				CLANG_WARN_UNREACHABLE_CODE = YES;
				CLANG_WARN__DUPLICATE_METHOD_MATCH = YES;
				COPY_PHASE_STRIP = NO;
				DEBUG_INFORMATION_FORMAT = dwarf;
				ENABLE_STRICT_OBJC_MSGSEND = YES;
				ENABLE_TESTABILITY = YES;
				GCC_C_LANGUAGE_STANDARD = gnu11;
				GCC_DYNAMIC_NO_PIC = NO;
				GCC_NO_COMMON_BLOCKS = YES;
				GCC_OPTIMIZATION_LEVEL = 0;
				GCC_PREPROCESSOR_DEFINITIONS = (
					"DEBUG=1",
					"$(inherited)",
				);
				GCC_WARN_64_TO_32_BIT_CONVERSION = YES;
				GCC_WARN_ABOUT_RETURN_TYPE = YES_ERROR;
				GCC_WARN_UNDECLARED_SELECTOR = YES;
				GCC_WARN_UNINITIALIZED_AUTOS = YES_AGGRESSIVE;
				GCC_WARN_UNUSED_FUNCTION = YES;
				GCC_WARN_UNUSED_VARIABLE = YES;
				IPHONEOS_DEPLOYMENT_TARGET = 15.2;
				MTL_ENABLE_DEBUG_INFO = INCLUDE_SOURCE;
				MTL_FAST_MATH = YES;
				ONLY_ACTIVE_ARCH = YES;
				SDKROOT = iphoneos;
				SWIFT_ACTIVE_COMPILATION_CONDITIONS = DEBUG;
				SWIFT_OPTIMIZATION_LEVEL = "-Onone";
			};
			name = Debug;
		};
		E1522188282963AA00B1162C /* Release */ = {
			isa = XCBuildConfiguration;
			buildSettings = {
				ALWAYS_SEARCH_USER_PATHS = NO;
				CLANG_ANALYZER_LOCALIZABILITY_NONLOCALIZED = YES;
				CLANG_ANALYZER_NONNULL = YES;
				CLANG_ANALYZER_NUMBER_OBJECT_CONVERSION = YES_AGGRESSIVE;
				CLANG_CXX_LANGUAGE_STANDARD = "gnu++17";
				CLANG_CXX_LIBRARY = "libc++";
				CLANG_ENABLE_MODULES = YES;
				CLANG_ENABLE_OBJC_ARC = YES;
				CLANG_ENABLE_OBJC_WEAK = YES;
				CLANG_WARN_BLOCK_CAPTURE_AUTORELEASING = YES;
				CLANG_WARN_BOOL_CONVERSION = YES;
				CLANG_WARN_COMMA = YES;
				CLANG_WARN_CONSTANT_CONVERSION = YES;
				CLANG_WARN_DEPRECATED_OBJC_IMPLEMENTATIONS = YES;
				CLANG_WARN_DIRECT_OBJC_ISA_USAGE = YES_ERROR;
				CLANG_WARN_DOCUMENTATION_COMMENTS = YES;
				CLANG_WARN_EMPTY_BODY = YES;
				CLANG_WARN_ENUM_CONVERSION = YES;
				CLANG_WARN_INFINITE_RECURSION = YES;
				CLANG_WARN_INT_CONVERSION = YES;
				CLANG_WARN_NON_LITERAL_NULL_CONVERSION = YES;
				CLANG_WARN_OBJC_IMPLICIT_RETAIN_SELF = YES;
				CLANG_WARN_OBJC_LITERAL_CONVERSION = YES;
				CLANG_WARN_OBJC_ROOT_CLASS = YES_ERROR;
				CLANG_WARN_QUOTED_INCLUDE_IN_FRAMEWORK_HEADER = YES;
				CLANG_WARN_RANGE_LOOP_ANALYSIS = YES;
				CLANG_WARN_STRICT_PROTOTYPES = YES;
				CLANG_WARN_SUSPICIOUS_MOVE = YES;
				CLANG_WARN_UNGUARDED_AVAILABILITY = YES_AGGRESSIVE;
				CLANG_WARN_UNREACHABLE_CODE = YES;
				CLANG_WARN__DUPLICATE_METHOD_MATCH = YES;
				COPY_PHASE_STRIP = NO;
				DEBUG_INFORMATION_FORMAT = "dwarf-with-dsym";
				ENABLE_NS_ASSERTIONS = NO;
				ENABLE_STRICT_OBJC_MSGSEND = YES;
				GCC_C_LANGUAGE_STANDARD = gnu11;
				GCC_NO_COMMON_BLOCKS = YES;
				GCC_WARN_64_TO_32_BIT_CONVERSION = YES;
				GCC_WARN_ABOUT_RETURN_TYPE = YES_ERROR;
				GCC_WARN_UNDECLARED_SELECTOR = YES;
				GCC_WARN_UNINITIALIZED_AUTOS = YES_AGGRESSIVE;
				GCC_WARN_UNUSED_FUNCTION = YES;
				GCC_WARN_UNUSED_VARIABLE = YES;
				IPHONEOS_DEPLOYMENT_TARGET = 15.2;
				MTL_ENABLE_DEBUG_INFO = NO;
				MTL_FAST_MATH = YES;
				SDKROOT = iphoneos;
				SWIFT_COMPILATION_MODE = wholemodule;
				SWIFT_OPTIMIZATION_LEVEL = "-O";
				VALIDATE_PRODUCT = YES;
			};
			name = Release;
		};
		E152218A282963AA00B1162C /* Debug */ = {
			isa = XCBuildConfiguration;
			buildSettings = {
				ASSETCATALOG_COMPILER_APPICON_NAME = AppIcon;
				ASSETCATALOG_COMPILER_GLOBAL_ACCENT_COLOR_NAME = AccentColor;
				CODE_SIGN_STYLE = Automatic;
				CURRENT_PROJECT_VERSION = 0;
				DEVELOPMENT_ASSET_PATHS = "\"AccountBook/Preview Content\"";
				DEVELOPMENT_TEAM = 9DV7HHTL73;
				ENABLE_PREVIEWS = YES;
				GENERATE_INFOPLIST_FILE = YES;
				INFOPLIST_KEY_UIApplicationSceneManifest_Generation = YES;
				INFOPLIST_KEY_UIApplicationSupportsIndirectInputEvents = YES;
				INFOPLIST_KEY_UILaunchScreen_Generation = YES;
				INFOPLIST_KEY_UISupportedInterfaceOrientations_iPad = "UIInterfaceOrientationPortrait UIInterfaceOrientationPortraitUpsideDown UIInterfaceOrientationLandscapeLeft UIInterfaceOrientationLandscapeRight";
				INFOPLIST_KEY_UISupportedInterfaceOrientations_iPhone = "UIInterfaceOrientationPortrait UIInterfaceOrientationLandscapeLeft UIInterfaceOrientationLandscapeRight";
				LD_RUNPATH_SEARCH_PATHS = (
					"$(inherited)",
					"@executable_path/Frameworks",
				);
				MARKETING_VERSION = 0.0.0;
				PRODUCT_BUNDLE_IDENTIFIER = link.kokoichi.AccountBook;
				PRODUCT_NAME = "$(TARGET_NAME)";
				SWIFT_EMIT_LOC_STRINGS = YES;
				SWIFT_VERSION = 5.0;
				TARGETED_DEVICE_FAMILY = "1,2";
			};
			name = Debug;
		};
		E152218B282963AA00B1162C /* Release */ = {
			isa = XCBuildConfiguration;
			buildSettings = {
				ASSETCATALOG_COMPILER_APPICON_NAME = AppIcon;
				ASSETCATALOG_COMPILER_GLOBAL_ACCENT_COLOR_NAME = AccentColor;
				CODE_SIGN_STYLE = Automatic;
				CURRENT_PROJECT_VERSION = 0;
				DEVELOPMENT_ASSET_PATHS = "\"AccountBook/Preview Content\"";
				DEVELOPMENT_TEAM = 9DV7HHTL73;
				ENABLE_PREVIEWS = YES;
				GENERATE_INFOPLIST_FILE = YES;
				INFOPLIST_KEY_UIApplicationSceneManifest_Generation = YES;
				INFOPLIST_KEY_UIApplicationSupportsIndirectInputEvents = YES;
				INFOPLIST_KEY_UILaunchScreen_Generation = YES;
				INFOPLIST_KEY_UISupportedInterfaceOrientations_iPad = "UIInterfaceOrientationPortrait UIInterfaceOrientationPortraitUpsideDown UIInterfaceOrientationLandscapeLeft UIInterfaceOrientationLandscapeRight";
				INFOPLIST_KEY_UISupportedInterfaceOrientations_iPhone = "UIInterfaceOrientationPortrait UIInterfaceOrientationLandscapeLeft UIInterfaceOrientationLandscapeRight";
				LD_RUNPATH_SEARCH_PATHS = (
					"$(inherited)",
					"@executable_path/Frameworks",
				);
				MARKETING_VERSION = 0.0.0;
				PRODUCT_BUNDLE_IDENTIFIER = link.kokoichi.AccountBook;
				PRODUCT_NAME = "$(TARGET_NAME)";
				SWIFT_EMIT_LOC_STRINGS = YES;
				SWIFT_VERSION = 5.0;
				TARGETED_DEVICE_FAMILY = "1,2";
			};
			name = Release;
		};
		E152218D282963AA00B1162C /* Debug */ = {
			isa = XCBuildConfiguration;
			buildSettings = {
				ALWAYS_EMBED_SWIFT_STANDARD_LIBRARIES = YES;
				BUNDLE_LOADER = "$(TEST_HOST)";
				CODE_SIGN_STYLE = Automatic;
				CURRENT_PROJECT_VERSION = 0;
				DEVELOPMENT_TEAM = 9DV7HHTL73;
				GENERATE_INFOPLIST_FILE = YES;
				IPHONEOS_DEPLOYMENT_TARGET = 15.2;
				MARKETING_VERSION = 0.0.0;
				PRODUCT_BUNDLE_IDENTIFIER = link.kokoichi.AccountBookTests;
				PRODUCT_NAME = "$(TARGET_NAME)";
				SWIFT_EMIT_LOC_STRINGS = NO;
				SWIFT_VERSION = 5.0;
				TARGETED_DEVICE_FAMILY = "1,2";
				TEST_HOST = "$(BUILT_PRODUCTS_DIR)/AccountBook.app/AccountBook";
			};
			name = Debug;
		};
		E152218E282963AA00B1162C /* Release */ = {
			isa = XCBuildConfiguration;
			buildSettings = {
				ALWAYS_EMBED_SWIFT_STANDARD_LIBRARIES = YES;
				BUNDLE_LOADER = "$(TEST_HOST)";
				CODE_SIGN_STYLE = Automatic;
				CURRENT_PROJECT_VERSION = 0;
				DEVELOPMENT_TEAM = 9DV7HHTL73;
				GENERATE_INFOPLIST_FILE = YES;
				IPHONEOS_DEPLOYMENT_TARGET = 15.2;
				MARKETING_VERSION = 0.0.0;
				PRODUCT_BUNDLE_IDENTIFIER = link.kokoichi.AccountBookTests;
				PRODUCT_NAME = "$(TARGET_NAME)";
				SWIFT_EMIT_LOC_STRINGS = NO;
				SWIFT_VERSION = 5.0;
				TARGETED_DEVICE_FAMILY = "1,2";
				TEST_HOST = "$(BUILT_PRODUCTS_DIR)/AccountBook.app/AccountBook";
			};
			name = Release;
		};
		E1522190282963AA00B1162C /* Debug */ = {
			isa = XCBuildConfiguration;
			buildSettings = {
				ALWAYS_EMBED_SWIFT_STANDARD_LIBRARIES = YES;
				CODE_SIGN_STYLE = Automatic;
				CURRENT_PROJECT_VERSION = 0;
				DEVELOPMENT_TEAM = 9DV7HHTL73;
				GENERATE_INFOPLIST_FILE = YES;
				MARKETING_VERSION = 0.0.0;
				PRODUCT_BUNDLE_IDENTIFIER = link.kokoichi.AccountBookUITests;
				PRODUCT_NAME = "$(TARGET_NAME)";
				SWIFT_EMIT_LOC_STRINGS = NO;
				SWIFT_VERSION = 5.0;
				TARGETED_DEVICE_FAMILY = "1,2";
				TEST_TARGET_NAME = AccountBook;
			};
			name = Debug;
		};
		E1522191282963AA00B1162C /* Release */ = {
			isa = XCBuildConfiguration;
			buildSettings = {
				ALWAYS_EMBED_SWIFT_STANDARD_LIBRARIES = YES;
				CODE_SIGN_STYLE = Automatic;
				CURRENT_PROJECT_VERSION = 0;
				DEVELOPMENT_TEAM = 9DV7HHTL73;
				GENERATE_INFOPLIST_FILE = YES;
				MARKETING_VERSION = 0.0.0;
				PRODUCT_BUNDLE_IDENTIFIER = link.kokoichi.AccountBookUITests;
				PRODUCT_NAME = "$(TARGET_NAME)";
				SWIFT_EMIT_LOC_STRINGS = NO;
				SWIFT_VERSION = 5.0;
				TARGETED_DEVICE_FAMILY = "1,2";
				TEST_TARGET_NAME = AccountBook;
			};
			name = Release;
		};
/* End XCBuildConfiguration section */

/* Begin XCConfigurationList section */
		E1522160282963A800B1162C /* Build configuration list for PBXProject "AccountBook" */ = {
			isa = XCConfigurationList;
			buildConfigurations = (
				E1522187282963AA00B1162C /* Debug */,
				E1522188282963AA00B1162C /* Release */,
			);
			defaultConfigurationIsVisible = 0;
			defaultConfigurationName = Release;
		};
		E1522189282963AA00B1162C /* Build configuration list for PBXNativeTarget "AccountBook" */ = {
			isa = XCConfigurationList;
			buildConfigurations = (
				E152218A282963AA00B1162C /* Debug */,
				E152218B282963AA00B1162C /* Release */,
			);
			defaultConfigurationIsVisible = 0;
			defaultConfigurationName = Release;
		};
		E152218C282963AA00B1162C /* Build configuration list for PBXNativeTarget "AccountBookTests" */ = {
			isa = XCConfigurationList;
			buildConfigurations = (
				E152218D282963AA00B1162C /* Debug */,
				E152218E282963AA00B1162C /* Release */,
			);
			defaultConfigurationIsVisible = 0;
			defaultConfigurationName = Release;
		};
		E152218F282963AA00B1162C /* Build configuration list for PBXNativeTarget "AccountBookUITests" */ = {
			isa = XCConfigurationList;
			buildConfigurations = (
				E1522190282963AA00B1162C /* Debug */,
				E1522191282963AA00B1162C /* Release */,
			);
			defaultConfigurationIsVisible = 0;
			defaultConfigurationName = Release;
		};
/* End XCConfigurationList section */

/* Begin XCRemoteSwiftPackageReference section */
		E15221A22833E90F00B1162C /* XCRemoteSwiftPackageReference "Alamofire" */ = {
			isa = XCRemoteSwiftPackageReference;
			repositoryURL = "https://github.com/Alamofire/Alamofire.git";
			requirement = {
				kind = upToNextMajorVersion;
				minimumVersion = 5.0.0;
			};
		};
/* End XCRemoteSwiftPackageReference section */

/* Begin XCSwiftPackageProductDependency section */
		E15221A32833E90F00B1162C /* Alamofire */ = {
			isa = XCSwiftPackageProductDependency;
			package = E15221A22833E90F00B1162C /* XCRemoteSwiftPackageReference "Alamofire" */;
			productName = Alamofire;
		};
/* End XCSwiftPackageProductDependency section */
	};
	rootObject = E152215D282963A800B1162C /* Project object */;
}
